
Microsoft Visual Studio Solution File, Format Version 12.00
# Visual Studio Version 16
VisualStudioVersion = 16.0.31205.134
MinimumVisualStudioVersion = 10.0.40219.1
Project("{FAE04EC0-301F-11D3-BF4B-00C04F79EFBC}") = "lab3OCFact", "lab3OCFact\lab3OCFact.csproj", "{0E9D392E-E33C-4FDC-BE5A-A205E84F49C6}"
EndProject
Project("{FAE04EC0-301F-11D3-BF4B-00C04F79EFBC}") = "ChildProc", "ChildProc\ChildProc.csproj", "{85AADD85-8FEA-4C43-9124-7CBD592AA96A}"
EndProject
Global
	GlobalSection(SolutionConfigurationPlatforms) = preSolution
		Debug|Any CPU = Debug|Any CPU
		Release|Any CPU = Release|Any CPU
	EndGlobalSection
	GlobalSection(ProjectConfigurationPlatforms) = postSolution
		{0E9D392E-E33C-4FDC-BE5A-A205E84F49C6}.Debug|Any CPU.ActiveCfg = Debug|Any CPU
		{0E9D392E-E33C-4FDC-BE5A-A205E84F49C6}.Debug|Any CPU.Build.0 = Debug|Any CPU
		{0E9D392E-E33C-4FDC-BE5A-A205E84F49C6}.Release|Any CPU.ActiveCfg = Release|Any CPU
		{0E9D392E-E33C-4FDC-BE5A-A205E84F49C6}.Release|Any CPU.Build.0 = Release|Any CPU
		{85AADD85-8FEA-4C43-9124-7CBD592AA96A}.Debug|Any CPU.ActiveCfg = Debug|Any CPU
		{85AADD85-8FEA-4C43-9124-7CBD592AA96A}.Debug|Any CPU.Build.0 = Debug|Any CPU
		{85AADD85-8FEA-4C43-9124-7CBD592AA96A}.Release|Any CPU.ActiveCfg = Release|Any CPU
		{85AADD85-8FEA-4C43-9124-7CBD592AA96A}.Release|Any CPU.Build.0 = Release|Any CPU
	EndGlobalSection
	GlobalSection(SolutionProperties) = preSolution
		HideSolutionNode = FALSE
	EndGlobalSection
	GlobalSection(ExtensibilityGlobals) = postSolution
		SolutionGuid = {BE54F4E2-91EA-400A-A810-93FB09AB9D44}
	EndGlobalSection
EndGlobal
